# THIS IS AN AUTOGENERATED FILE. DO NOT EDIT THIS FILE DIRECTLY.
# yarn lockfile v1


"@types/node@^13.13.0":
  version "13.13.30"
  resolved "https://registry.yarnpkg.com/@types/node/-/node-13.13.30.tgz#1ed6e01e4ca576d5aec9cc802cc3bcf94c274192"
  integrity sha512-HmqFpNzp3TSELxU/bUuRK+xzarVOAsR00hzcvM0TXrMlt/+wcSLa5q6YhTb6/cA6wqDCZLDcfd8fSL95x5h7AA==
